{
    "_meta": {
        "hash": {
            "sha256": "ee82cc12c4919413934bfd2d704e01057f8d9cbaf1ae4dec345d0e8ea7d82c86"
        },
        "pipfile-spec": 6,
        "requires": {
            "python_version": "3.9"
        },
        "sources": [
            {
                "name": "pypi",
                "url": "https://pypi.org/simple",
                "verify_ssl": true
            }
        ]
    },
    "default": {
        "numpy": {
            "hashes": [
                "sha256:003a9f530e880cb2cd177cba1af7220b9aa42def9c4afc2a2fc3ee6be7eb2b22",
                "sha256:150947adbdfeceec4e5926d956a06865c1c690f2fd902efede4ca6fe2e657c3f",
                "sha256:2620e8592136e073bd12ee4536149380695fbe9ebeae845b81237f986479ffc9",
                "sha256:2eabd64ddb96a1239791da78fa5f4e1693ae2dadc82a76bc76a14cbb2b966e96",
                "sha256:4173bde9fa2a005c2c6e2ea8ac1618e2ed2c1c6ec8a7657237854d42094123a0",
                "sha256:4199e7cfc307a778f72d293372736223e39ec9ac096ff0a2e64853b866a8e18a",
                "sha256:4cecaed30dc14123020f77b03601559fff3e6cd0c048f8b5289f4eeabb0eb281",
                "sha256:557d42778a6869c2162deb40ad82612645e21d79e11c1dc62c6e82a2220ffb04",
                "sha256:63e45511ee4d9d976637d11e6c9864eae50e12dc9598f531c035265991910468",
                "sha256:6524630f71631be2dabe0c541e7675db82651eb998496bbe16bc4f77f0772253",
                "sha256:76807b4063f0002c8532cfeac47a3068a69561e9c8715efdad3c642eb27c0756",
                "sha256:7de8fdde0003f4294655aa5d5f0a89c26b9f22c0a58790c38fae1ed392d44a5a",
                "sha256:889b2cc88b837d86eda1b17008ebeb679d82875022200c6e8e4ce6cf549b7acb",
                "sha256:92011118955724465fb6853def593cf397b4a1367495e0b59a7e69d40c4eb71d",
                "sha256:97cf27e51fa078078c649a51d7ade3c92d9e709ba2bfb97493007103c741f1d0",
                "sha256:9a23f8440561a633204a67fb44617ce2a299beecf3295f0d13c495518908e910",
                "sha256:a51725a815a6188c662fb66fb32077709a9ca38053f0274640293a14fdd22978",
                "sha256:a77d3e1163a7770164404607b7ba3967fb49b24782a6ef85d9b5f54126cc39e5",
                "sha256:adbdce121896fd3a17a77ab0b0b5eedf05a9834a18699db6829a64e1dfccca7f",
                "sha256:c29e6bd0ec49a44d7690ecb623a8eac5ab8a923bce0bea6293953992edf3a76a",
                "sha256:c72a6b2f4af1adfe193f7beb91ddf708ff867a3f977ef2ec53c0ffb8283ab9f5",
                "sha256:d0a2db9d20117bf523dde15858398e7c0858aadca7c0f088ac0d6edd360e9ad2",
                "sha256:e3ab5d32784e843fc0dd3ab6dcafc67ef806e6b6828dc6af2f689be0eb4d781d",
                "sha256:e428c4fbfa085f947b536706a2fc349245d7baa8334f0c5723c56a10595f9b95",
                "sha256:e8d2859428712785e8a8b7d2b3ef0a1d1565892367b32f915c4a4df44d0e64f5",
                "sha256:eef70b4fc1e872ebddc38cddacc87c19a3709c0e3e5d20bf3954c147b1dd941d",
                "sha256:f64bb98ac59b3ea3bf74b02f13836eb2e24e48e0ab0145bbda646295769bd780",
                "sha256:f9006288bcf4895917d02583cf3411f98631275bc67cce355a7f39f8c14338fa"
            ],
            "index": "pypi",
            "version": "==1.24.2"
        },
        "pyqt6": {
            "hashes": [
                "sha256:18d1daf98d9236d55102cdadafd1056f5802f3c9288fcf7238569937b71a89f0",
                "sha256:25bd399b4a95dce65d5f937c1aa85d3c7e14a21745ae2a4ca14c0116cd104290",
                "sha256:740244f608fe15ee1d89695c43f31a14caeca41c4f02ac36c86dfba4a5d5813d",
                "sha256:c128bc0f17833e324593e3db83e99470d451a197dd17ff0333927b946c935bd9"
            ],
            "index": "pypi",
            "version": "==6.4.2"
        },
        "pyqt6-qt6": {
            "hashes": [
                "sha256:27cc19976c872ae7111fcab8a9e9eae8c5ec5e55bfb6938a379551148b85f5b0",
                "sha256:96f30cca49af18f6863c66576b90f2f29987dc35397994d0575b197226c5b328",
                "sha256:b0151097aa93235676c0f83ce23916ee31ca8584bd1b45923725068404542cc2",
                "sha256:b133bbc53e1cc05aafd78bfd3a577826481a976021d041c1c57d7dadc7de1c11"
            ],
            "version": "==6.4.3"
        },
        "pyqt6-sip": {
            "hashes": [
                "sha256:0df998f2b6ceeacfd10de773441572e215be0c9cae566cc7dd36e231bf714a12",
                "sha256:224575e84805c4317bacd5d1b8e93e0ad5c48685dadbbe1e902d4ebe16f22828",
                "sha256:36ae29cdc223cacc1257d0f5075cf81474550c6d26b728f922487a2aa935f130",
                "sha256:3a674c591d4274d4ea8127205290e927a7dab0eb87a0038d4f4ea1d430782649",
                "sha256:3ef9392e4ae29d393b79237d85840cdc6b8831f36eed5d56c7d9b329b380cc8d",
                "sha256:43935873d60f57719632840d517afee04ef8f30e92cfe0dadc7e6326691920fc",
                "sha256:5731f22618435654352ef07684549a17be82b75254227fc80b4b5b0b59fc6656",
                "sha256:5bc4beb6fb1de4c9ba8beee7b1a4a813fa888c3b095206dafcd25d7e6e4ed2a7",
                "sha256:5c36ab984402e96792eebf4b031abfaa589aa20af3190a79c54502c16964d97e",
                "sha256:a2a0461992c6657f343308b150c4d6b57e9e7a0e5c2f79538434e7fb869ea827",
                "sha256:a81490ee84d7a41a126b116081bd97d758f41bf706aee0a8cec24d6e4c660184",
                "sha256:e00e287ea05bbc293fc6e2198301962af9b7b622bd2daf4288f925a88ae35dc9",
                "sha256:e670a7b2fb7e32204ce67d274017bfff3e21139d217d60cebbfcb75b019c91ee",
                "sha256:ee06f255787a0b4957f357f93b78d2a11ca3761916833e3afa83f1381d4d1a46",
                "sha256:fbee0d554e0e98f56dbf6d94b00a28cc32425938ad7ae98fd91f8822c5b24d45",
                "sha256:fcc6d78314783f4a193f02353f431b7ea4d357f47c3c7a7d0740e723f69c64dc"
            ],
            "markers": "python_version >= '3.7'",
            "version": "==13.4.1"
        }
    },
    "develop": {}
}
